
Microsoft Visual Studio Solution File, Format Version 12.00
# Visual Studio Version 16
VisualStudioVersion = 16.0.30204.135
MinimumVisualStudioVersion = 10.0.40219.1
Project("{888888A0-9F3D-457C-B088-3A5042F75D52}") = "FlickrBrwsrApp", "FlickrBrwsrApp.pyproj", "{FA04ADE4-F776-44F5-831B-846CAB7F1AAA}"
EndProject
Global
	GlobalSection(SolutionConfigurationPlatforms) = preSolution
		Debug|Any CPU = Debug|Any CPU
		Release|Any CPU = Release|Any CPU
	EndGlobalSection
	GlobalSection(ProjectConfigurationPlatforms) = postSolution
		{FA04ADE4-F776-44F5-831B-846CAB7F1AAA}.Debug|Any CPU.ActiveCfg = Debug|Any CPU
		{FA04ADE4-F776-44F5-831B-846CAB7F1AAA}.Debug|Any CPU.Build.0 = Debug|Any CPU
		{FA04ADE4-F776-44F5-831B-846CAB7F1AAA}.Release|Any CPU.ActiveCfg = Release|Any CPU
		{FA04ADE4-F776-44F5-831B-846CAB7F1AAA}.Release|Any CPU.Build.0 = Release|Any CPU
	EndGlobalSection
	GlobalSection(SolutionProperties) = preSolution
		HideSolutionNode = FALSE
	EndGlobalSection
	GlobalSection(ExtensibilityGlobals) = postSolution
		SolutionGuid = {E7FC9A9A-CD0D-4382-979B-045C03FFDA02}
	EndGlobalSection
EndGlobal
